{
  "nodes": {
    "flake-compat": {
      "flake": false,
      "locked": {
        "lastModified": 1767039857,
        "narHash": "sha256-vNpUSpF5Nuw8xvDLj2KCwwksIbjua2LZCqhV1LNRDns=",
        "owner": "NixOS",
        "repo": "flake-compat",
        "rev": "5edf11c44bc78a0d334f6334cdaf7d60d732daab",
        "type": "github"
      },
      "original": {
        "owner": "NixOS",
        "repo": "flake-compat",
        "type": "github"
      }
    },
    "flake-compat_2": {
      "flake": false,
      "locked": {
        "lastModified": 1765121682,
        "narHash": "sha256-4VBOP18BFeiPkyhy9o4ssBNQEvfvv1kXkasAYd0+rrA=",
        "owner": "edolstra",
        "repo": "flake-compat",
        "rev": "65f23138d8d09a92e30f1e5c87611b23ef451bf3",
        "type": "github"
      },
      "original": {
        "owner": "edolstra",
        "repo": "flake-compat",
        "type": "github"
      }
    },
    "flake-utils": {
      "inputs": {
        "systems": "systems"
      },
      "locked": {
        "lastModified": 1731533236,
        "narHash": "sha256-l0KFg5HjrsfsO/JpG+r7fRrqm12kzFHyUHqHCVpMMbI=",
        "owner": "numtide",
        "repo": "flake-utils",
        "rev": "11707dc2f618dd54ca8739b309ec4fc024de578b",
        "type": "github"
      },
      "original": {
        "owner": "numtide",
        "repo": "flake-utils",
        "type": "github"
      }
    },
    "mkSpagoDerivation": {
      "inputs": {
        "flake-compat": "flake-compat",
        "nixpkgs": [
          "nixpkgs"
        ],
        "ps-overlay": [
          "purescript-overlay"
        ],
        "registry": "registry",
        "registry-index": "registry-index"
      },
      "locked": {
        "lastModified": 1791092040,
        "narHash": "sha256-xz/p6GF6sMBUiDG6mf1SX0iykS5YLRMcEKyJ0GFjpsM=",
        "owner": "jeslie0",
        "repo": "mkSpagoDerivation",
        "rev": "215877ffc52e3d5cd8caae3fb58a53181804111e",
        "type": "github"
      },
      "original": {
        "owner": "jeslie0",
        "repo": "mkSpagoDerivation",
        "type": "github"
      }
    },
    "nixpkgs": {
      "locked": {
        "lastModified": 1783375776,
        "narHash": "sha256-pg6hLjDeAWaUOzh2JM2Cw0BwYpGtOyNr6A4FBwP9Ymo=",
        "owner": "nixos",
        "repo": "nixpkgs",
        "rev": "cd648d6ea62bc0ffba91e61fcfe5e33c1e2004b1",
        "type": "github"
      },
      "original": {
        "owner": "nixos",
        "ref": "release-25.11",
        "repo": "nixpkgs",
        "type": "github"
      }
    },
    "purescript-overlay": {
      "inputs": {
        "flake-compat": "flake-compat_2",
        "nixpkgs": [
          "nixpkgs"
        ]
      },
      "locked": {
        "lastModified": 1780972251,
        "narHash": "sha256-PwHYPpfLP+WjSwj765zJ1N0Xp4ET3+8vRqxJ031ua3M=",
        "owner": "thomashoneyman",
        "repo": "purescript-overlay",
        "rev": "1cf88ab9d83596db0e0c0d304a16809c410e2917",
        "type": "github"
      },
      "original": {
        "owner": "thomashoneyman",
        "repo": "purescript-overlay",
        "type": "github"
      }
    },
    "registry": {
      "flake": false,
      "locked": {
        "lastModified": 1790949792,
        "narHash": "sha256-L4etSm9pmReunpoPY9AhnhdsnjvNEzNWklaLF3z0Qmg=",
        "owner": "purescript",
        "repo": "registry",
        "rev": "2c1c273e1826e57589aafd35a455b8c53caed9d1",
        "type": "github"
      },
      "original": {
        "owner": "purescript",
        "repo": "registry",
        "type": "github"
      }
    },
    "registry-index": {
      "flake": false,
      "locked": {
        "lastModified": 1790869254,
        "narHash": "sha256-aDV3ZcgO/w85ClNmfXRO0tFM3nGAMepfn8sIy+Ww0gw=",
        "owner": "purescript",
        "repo": "registry-index",
        "rev": "6c01dc3a82e8abae2ec1c581976e7d42ac941e47",
        "type": "github"
      },
      "original": {
        "owner": "purescript",
        "repo": "registry-index",
        "type": "github"
      }
    },
    "root": {
      "inputs": {
        "flake-utils": "flake-utils",
        "mkSpagoDerivation": "mkSpagoDerivation",
        "nixpkgs": "nixpkgs",
        "purescript-overlay": "purescript-overlay"
      }
    },
    "systems": {
      "locked": {
        "lastModified": 1681028828,
        "narHash": "sha256-Vy1rq5AaRuLzOxct8nz4T6wlgyUR7zLU309k9mBC768=",
        "owner": "nix-systems",
        "repo": "default",
        "rev": "da67096a3b9bf56a91d16901293e51ba5b49a27e",
        "type": "github"
      },
      "original": {
        "owner": "nix-systems",
        "repo": "default",
        "type": "github"
      }
    }
  },
  "root": "root",
  "version": 7
}
