{
  "nodes": {
    "flake-compat": {
      "flake": false,
      "locked": {
        "lastModified": 1765121682,
        "narHash": "sha256-4VBOP18BFeiPkyhy9o4ssBNQEvfvv1kXkasAYd0+rrA=",
        "owner": "edolstra",
        "repo": "flake-compat",
        "rev": "65f23138d8d09a92e30f1e5c87611b23ef451bf3",
        "type": "github"
      },
      "original": {
        "owner": "edolstra",
        "repo": "flake-compat",
        "type": "github"
      }
    },
    "flake-utils": {
      "inputs": {
        "systems": "systems"
      },
      "locked": {
        "lastModified": 1731533236,
        "narHash": "sha256-l0KFg5HjrsfsO/JpG+r7fRrqm12kzFHyUHqHCVpMMbI=",
        "owner": "numtide",
        "repo": "flake-utils",
        "rev": "11707dc2f618dd54ca8739b309ec4fc024de578b",
        "type": "github"
      },
      "original": {
        "owner": "numtide",
        "repo": "flake-utils",
        "type": "github"
      }
    },
    "mkSpagoDerivation": {
      "inputs": {
        "nixpkgs": [
          "nixpkgs"
        ],
        "ps-overlay": [
          "purescript-overlay"
        ],
        "registry": "registry",
        "registry-index": "registry-index"
      },
      "locked": {
        "lastModified": 1773544941,
        "narHash": "sha256-wsFwg1qVG05l3uKgUTYgaUVWN2WQo6YqNV9CN5apXd0=",
        "owner": "jeslie0",
        "repo": "mkSpagoDerivation",
        "rev": "ca79425e30161f76c361ec28a1f36da420978bbc",
        "type": "github"
      },
      "original": {
        "owner": "jeslie0",
        "repo": "mkSpagoDerivation",
        "type": "github"
      }
    },
    "nixpkgs": {
      "locked": {
        "lastModified": 1773668560,
        "narHash": "sha256-BT5ddsnYq1Rz9vcKJ10Z8SJM02MNG16bj3xh36GxIuQ=",
        "owner": "nixos",
        "repo": "nixpkgs",
        "rev": "0fe845bad97e290c5fec285440dea820814cb5d9",
        "type": "github"
      },
      "original": {
        "owner": "nixos",
        "ref": "release-25.11",
        "repo": "nixpkgs",
        "type": "github"
      }
    },
    "purescript-overlay": {
      "inputs": {
        "flake-compat": "flake-compat",
        "nixpkgs": [
          "nixpkgs"
        ]
      },
      "locked": {
        "lastModified": 1774895468,
        "narHash": "sha256-WCLAhAsqx0+MnsUWWi7CPwWAbcgk8I6D/YzjGEWp97w=",
        "owner": "thomashoneyman",
        "repo": "purescript-overlay",
        "rev": "8efaeddf5b43d87756c9f1c86fae753b2f3bc30d",
        "type": "github"
      },
      "original": {
        "owner": "thomashoneyman",
        "repo": "purescript-overlay",
        "type": "github"
      }
    },
    "registry": {
      "flake": false,
      "locked": {
        "lastModified": 1773502693,
        "narHash": "sha256-ozYvo2yvd3PvvSmWXHyk0gIuY38dmdppH24o6apicMI=",
        "owner": "purescript",
        "repo": "registry",
        "rev": "92c10b4ff699426d4e884af137d4d72e1cdd7809",
        "type": "github"
      },
      "original": {
        "owner": "purescript",
        "repo": "registry",
        "type": "github"
      }
    },
    "registry-index": {
      "flake": false,
      "locked": {
        "lastModified": 1773502179,
        "narHash": "sha256-ZkpBwOy0hZYrtvtBU8xwiGQBVHvzURd1UTKvcGFGfyM=",
        "owner": "purescript",
        "repo": "registry-index",
        "rev": "002b33b64384a662cb57e087dfddce13c01330d0",
        "type": "github"
      },
      "original": {
        "owner": "purescript",
        "repo": "registry-index",
        "type": "github"
      }
    },
    "root": {
      "inputs": {
        "flake-utils": "flake-utils",
        "mkSpagoDerivation": "mkSpagoDerivation",
        "nixpkgs": "nixpkgs",
        "purescript-overlay": "purescript-overlay"
      }
    },
    "systems": {
      "locked": {
        "lastModified": 1681028828,
        "narHash": "sha256-Vy1rq5AaRuLzOxct8nz4T6wlgyUR7zLU309k9mBC768=",
        "owner": "nix-systems",
        "repo": "default",
        "rev": "da67096a3b9bf56a91d16901293e51ba5b49a27e",
        "type": "github"
      },
      "original": {
        "owner": "nix-systems",
        "repo": "default",
        "type": "github"
      }
    }
  },
  "root": "root",
  "version": 7
}
