{
  "nodes": {
    "easy-dhall-nix": {
      "flake": false,
      "locked": {
        "lastModified": 1645736928,
        "narHash": "sha256-jjEqfh+M73+t2Iq/IKjAGr2d2kGUeo9A7Wu7V0IxdzI=",
        "owner": "justinwoo",
        "repo": "easy-dhall-nix",
        "rev": "dce9acbb99776a7f1344db4751d6080380f76f57",
        "type": "github"
      },
      "original": {
        "owner": "justinwoo",
        "repo": "easy-dhall-nix",
        "type": "github"
      }
    },
    "easy-purescript-nix": {
      "flake": false,
      "locked": {
        "lastModified": 1673616395,
        "narHash": "sha256-5IqgDplIM1NDCkT9dfrMfayMq6yTKR8O2t0IxN1rToo=",
        "owner": "f-f",
        "repo": "easy-purescript-nix",
        "rev": "cd1a52ced17a11cfd99debc8afa3563d3c58d5d1",
        "type": "github"
      },
      "original": {
        "owner": "f-f",
        "repo": "easy-purescript-nix",
        "type": "github"
      }
    },
    "flake-compat": {
      "flake": false,
      "locked": {
        "lastModified": 1668681692,
        "narHash": "sha256-Ht91NGdewz8IQLtWZ9LCeNXMSXHUss+9COoqu6JLmXU=",
        "owner": "edolstra",
        "repo": "flake-compat",
        "rev": "009399224d5e398d03b22badca40a37ac85412a1",
        "type": "github"
      },
      "original": {
        "owner": "edolstra",
        "repo": "flake-compat",
        "type": "github"
      }
    },
    "flake-utils": {
      "locked": {
        "lastModified": 1667395993,
        "narHash": "sha256-nuEHfE/LcWyuSWnS8t12N1wc105Qtau+/OdUAjtQ0rA=",
        "owner": "numtide",
        "repo": "flake-utils",
        "rev": "5aed5285a952e0b949eb3ba02c12fa4fcfef535f",
        "type": "github"
      },
      "original": {
        "owner": "numtide",
        "repo": "flake-utils",
        "type": "github"
      }
    },
    "nixpkgs": {
      "locked": {
        "lastModified": 1672580127,
        "narHash": "sha256-3lW3xZslREhJogoOkjeZtlBtvFMyxHku7I/9IVehhT8=",
        "owner": "nixos",
        "repo": "nixpkgs",
        "rev": "0874168639713f547c05947c76124f78441ea46c",
        "type": "github"
      },
      "original": {
        "owner": "nixos",
        "ref": "release-22.05",
        "repo": "nixpkgs",
        "type": "github"
      }
    },
    "root": {
      "inputs": {
        "easy-dhall-nix": "easy-dhall-nix",
        "easy-purescript-nix": "easy-purescript-nix",
        "flake-compat": "flake-compat",
        "flake-utils": "flake-utils",
        "nixpkgs": "nixpkgs"
      }
    }
  },
  "root": "root",
  "version": 7
}
